// !$*UTF8*$!
{
	archiveVersion = 1;
	classes = {
	};
	objectVersion = 46;
	objects = {

/* Begin PBXBuildFile section */
		7FA75C8C1A864D6000AF67A8 /* AppDelegate.swift in Sources */ = {isa = PBXBuildFile; fileRef = 7FA75C8B1A864D6000AF67A8 /* AppDelegate.swift */; };
		7FA75C8E1A864D6000AF67A8 /* ViewController.swift in Sources */ = {isa = PBXBuildFile; fileRef = 7FA75C8D1A864D6000AF67A8 /* ViewController.swift */; };
		7FA75C911A864D6000AF67A8 /* Main.storyboard in Resources */ = {isa = PBXBuildFile; fileRef = 7FA75C8F1A864D6000AF67A8 /* Main.storyboard */; };
		7FA75C931A864D6000AF67A8 /* Images.xcassets in Resources */ = {isa = PBXBuildFile; fileRef = 7FA75C921A864D6000AF67A8 /* Images.xcassets */; };
		7FA75C961A864D6100AF67A8 /* LaunchScreen.xib in Resources */ = {isa = PBXBuildFile; fileRef = 7FA75C941A864D6100AF67A8 /* LaunchScreen.xib */; };
		7FA75CA21A864D6100AF67A8 /* SKVideoNodeSampleTests.swift in Sources */ = {isa = PBXBuildFile; fileRef = 7FA75CA11A864D6100AF67A8 /* SKVideoNodeSampleTests.swift */; };
		7FA75CAC1A864D8000AF67A8 /* SpriteKit.framework in Frameworks */ = {isa = PBXBuildFile; fileRef = 7FA75CAB1A864D8000AF67A8 /* SpriteKit.framework */; };
		7FA75CAE1A864D8600AF67A8 /* AVFoundation.framework in Frameworks */ = {isa = PBXBuildFile; fileRef = 7FA75CAD1A864D8600AF67A8 /* AVFoundation.framework */; };
		7FA75CB01A864D9D00AF67A8 /* sample.mp4 in Resources */ = {isa = PBXBuildFile; fileRef = 7FA75CAF1A864D9D00AF67A8 /* sample.mp4 */; };
/* End PBXBuildFile section */

/* Begin PBXContainerItemProxy section */
		7FA75C9C1A864D6100AF67A8 /* PBXContainerItemProxy */ = {
			isa = PBXContainerItemProxy;
			containerPortal = 7FA75C7E1A864D6000AF67A8 /* Project object */;
			proxyType = 1;
			remoteGlobalIDString = 7FA75C851A864D6000AF67A8;
			remoteInfo = SKVideoNodeSample;
		};
/* End PBXContainerItemProxy section */

/* Begin PBXFileReference section */
		7FA75C861A864D6000AF67A8 /* SKVideoNodeSample.app */ = {isa = PBXFileReference; explicitFileType = wrapper.application; includeInIndex = 0; path = SKVideoNodeSample.app; sourceTree = BUILT_PRODUCTS_DIR; };
		7FA75C8A1A864D6000AF67A8 /* Info.plist */ = {isa = PBXFileReference; lastKnownFileType = text.plist.xml; path = Info.plist; sourceTree = "<group>"; };
		7FA75C8B1A864D6000AF67A8 /* AppDelegate.swift */ = {isa = PBXFileReference; lastKnownFileType = sourcecode.swift; path = AppDelegate.swift; sourceTree = "<group>"; };
		7FA75C8D1A864D6000AF67A8 /* ViewController.swift */ = {isa = PBXFileReference; lastKnownFileType = sourcecode.swift; path = ViewController.swift; sourceTree = "<group>"; };
		7FA75C901A864D6000AF67A8 /* Base */ = {isa = PBXFileReference; lastKnownFileType = file.storyboard; name = Base; path = Base.lproj/Main.storyboard; sourceTree = "<group>"; };
		7FA75C921A864D6000AF67A8 /* Images.xcassets */ = {isa = PBXFileReference; lastKnownFileType = folder.assetcatalog; path = Images.xcassets; sourceTree = "<group>"; };
		7FA75C951A864D6100AF67A8 /* Base */ = {isa = PBXFileReference; lastKnownFileType = file.xib; name = Base; path = Base.lproj/LaunchScreen.xib; sourceTree = "<group>"; };
		7FA75C9B1A864D6100AF67A8 /* SKVideoNodeSampleTests.xctest */ = {isa = PBXFileReference; explicitFileType = wrapper.cfbundle; includeInIndex = 0; path = SKVideoNodeSampleTests.xctest; sourceTree = BUILT_PRODUCTS_DIR; };
		7FA75CA01A864D6100AF67A8 /* Info.plist */ = {isa = PBXFileReference; lastKnownFileType = text.plist.xml; path = Info.plist; sourceTree = "<group>"; };
		7FA75CA11A864D6100AF67A8 /* SKVideoNodeSampleTests.swift */ = {isa = PBXFileReference; lastKnownFileType = sourcecode.swift; path = SKVideoNodeSampleTests.swift; sourceTree = "<group>"; };
		7FA75CAB1A864D8000AF67A8 /* SpriteKit.framework */ = {isa = PBXFileReference; lastKnownFileType = wrapper.framework; name = SpriteKit.framework; path = System/Library/Frameworks/SpriteKit.framework; sourceTree = SDKROOT; };
		7FA75CAD1A864D8600AF67A8 /* AVFoundation.framework */ = {isa = PBXFileReference; lastKnownFileType = wrapper.framework; name = AVFoundation.framework; path = System/Library/Frameworks/AVFoundation.framework; sourceTree = SDKROOT; };
		7FA75CAF1A864D9D00AF67A8 /* sample.mp4 */ = {isa = PBXFileReference; lastKnownFileType = file; path = sample.mp4; sourceTree = "<group>"; };
/* End PBXFileReference section */

/* Begin PBXFrameworksBuildPhase section */
		7FA75C831A864D6000AF67A8 /* Frameworks */ = {
			isa = PBXFrameworksBuildPhase;
			buildActionMask = 2147483647;
			files = (
				7FA75CAE1A864D8600AF67A8 /* AVFoundation.framework in Frameworks */,
				7FA75CAC1A864D8000AF67A8 /* SpriteKit.framework in Frameworks */,
			);
			runOnlyForDeploymentPostprocessing = 0;
		};
		7FA75C981A864D6100AF67A8 /* Frameworks */ = {
			isa = PBXFrameworksBuildPhase;
			buildActionMask = 2147483647;
			files = (
			);
			runOnlyForDeploymentPostprocessing = 0;
		};
/* End PBXFrameworksBuildPhase section */

/* Begin PBXGroup section */
		7FA75C7D1A864D6000AF67A8 = {
			isa = PBXGroup;
			children = (
				7FA75CAD1A864D8600AF67A8 /* AVFoundation.framework */,
				7FA75CAB1A864D8000AF67A8 /* SpriteKit.framework */,
				7FA75C881A864D6000AF67A8 /* SKVideoNodeSample */,
				7FA75C9E1A864D6100AF67A8 /* SKVideoNodeSampleTests */,
				7FA75C871A864D6000AF67A8 /* Products */,
			);
			sourceTree = "<group>";
		};
		7FA75C871A864D6000AF67A8 /* Products */ = {
			isa = PBXGroup;
			children = (
				7FA75C861A864D6000AF67A8 /* SKVideoNodeSample.app */,
				7FA75C9B1A864D6100AF67A8 /* SKVideoNodeSampleTests.xctest */,
			);
			name = Products;
			sourceTree = "<group>";
		};
		7FA75C881A864D6000AF67A8 /* SKVideoNodeSample */ = {
			isa = PBXGroup;
			children = (
				7FA75C8B1A864D6000AF67A8 /* AppDelegate.swift */,
				7FA75C8D1A864D6000AF67A8 /* ViewController.swift */,
				7FA75C8F1A864D6000AF67A8 /* Main.storyboard */,
				7FA75C921A864D6000AF67A8 /* Images.xcassets */,
				7FA75C941A864D6100AF67A8 /* LaunchScreen.xib */,
				7FA75CAF1A864D9D00AF67A8 /* sample.mp4 */,
				7FA75C891A864D6000AF67A8 /* Supporting Files */,
			);
			path = SKVideoNodeSample;
			sourceTree = "<group>";
		};
		7FA75C891A864D6000AF67A8 /* Supporting Files */ = {
			isa = PBXGroup;
			children = (
				7FA75C8A1A864D6000AF67A8 /* Info.plist */,
			);
			name = "Supporting Files";
			sourceTree = "<group>";
		};
		7FA75C9E1A864D6100AF67A8 /* SKVideoNodeSampleTests */ = {
			isa = PBXGroup;
			children = (
				7FA75CA11A864D6100AF67A8 /* SKVideoNodeSampleTests.swift */,
				7FA75C9F1A864D6100AF67A8 /* Supporting Files */,
			);
			path = SKVideoNodeSampleTests;
			sourceTree = "<group>";
		};
		7FA75C9F1A864D6100AF67A8 /* Supporting Files */ = {
			isa = PBXGroup;
			children = (
				7FA75CA01A864D6100AF67A8 /* Info.plist */,
			);
			name = "Supporting Files";
			sourceTree = "<group>";
		};
/* End PBXGroup section */

/* Begin PBXNativeTarget section */
		7FA75C851A864D6000AF67A8 /* SKVideoNodeSample */ = {
			isa = PBXNativeTarget;
			buildConfigurationList = 7FA75CA51A864D6100AF67A8 /* Build configuration list for PBXNativeTarget "SKVideoNodeSample" */;
			buildPhases = (
				7FA75C821A864D6000AF67A8 /* Sources */,
				7FA75C831A864D6000AF67A8 /* Frameworks */,
				7FA75C841A864D6000AF67A8 /* Resources */,
			);
			buildRules = (
			);
			dependencies = (
			);
			name = SKVideoNodeSample;
			productName = SKVideoNodeSample;
			productReference = 7FA75C861A864D6000AF67A8 /* SKVideoNodeSample.app */;
			productType = "com.apple.product-type.application";
		};
		7FA75C9A1A864D6100AF67A8 /* SKVideoNodeSampleTests */ = {
			isa = PBXNativeTarget;
			buildConfigurationList = 7FA75CA81A864D6100AF67A8 /* Build configuration list for PBXNativeTarget "SKVideoNodeSampleTests" */;
			buildPhases = (
				7FA75C971A864D6100AF67A8 /* Sources */,
				7FA75C981A864D6100AF67A8 /* Frameworks */,
				7FA75C991A864D6100AF67A8 /* Resources */,
			);
			buildRules = (
			);
			dependencies = (
				7FA75C9D1A864D6100AF67A8 /* PBXTargetDependency */,
			);
			name = SKVideoNodeSampleTests;
			productName = SKVideoNodeSampleTests;
			productReference = 7FA75C9B1A864D6100AF67A8 /* SKVideoNodeSampleTests.xctest */;
			productType = "com.apple.product-type.bundle.unit-test";
		};
/* End PBXNativeTarget section */

/* Begin PBXProject section */
		7FA75C7E1A864D6000AF67A8 /* Project object */ = {
			isa = PBXProject;
			attributes = {
				LastUpgradeCheck = 0610;
				ORGANIZATIONNAME = "Reo Yoshida";
				TargetAttributes = {
					7FA75C851A864D6000AF67A8 = {
						CreatedOnToolsVersion = 6.1.1;
					};
					7FA75C9A1A864D6100AF67A8 = {
						CreatedOnToolsVersion = 6.1.1;
						TestTargetID = 7FA75C851A864D6000AF67A8;
					};
				};
			};
			buildConfigurationList = 7FA75C811A864D6000AF67A8 /* Build configuration list for PBXProject "SKVideoNodeSample" */;
			compatibilityVersion = "Xcode 3.2";
			developmentRegion = English;
			hasScannedForEncodings = 0;
			knownRegions = (
				en,
				Base,
			);
			mainGroup = 7FA75C7D1A864D6000AF67A8;
			productRefGroup = 7FA75C871A864D6000AF67A8 /* Products */;
			projectDirPath = "";
			projectRoot = "";
			targets = (
				7FA75C851A864D6000AF67A8 /* SKVideoNodeSample */,
				7FA75C9A1A864D6100AF67A8 /* SKVideoNodeSampleTests */,
			);
		};
/* End PBXProject section */

/* Begin PBXResourcesBuildPhase section */
		7FA75C841A864D6000AF67A8 /* Resources */ = {
			isa = PBXResourcesBuildPhase;
			buildActionMask = 2147483647;
			files = (
				7FA75C911A864D6000AF67A8 /* Main.storyboard in Resources */,
				7FA75C961A864D6100AF67A8 /* LaunchScreen.xib in Resources */,
				7FA75C931A864D6000AF67A8 /* Images.xcassets in Resources */,
				7FA75CB01A864D9D00AF67A8 /* sample.mp4 in Resources */,
			);
			runOnlyForDeploymentPostprocessing = 0;
		};
		7FA75C991A864D6100AF67A8 /* Resources */ = {
			isa = PBXResourcesBuildPhase;
			buildActionMask = 2147483647;
			files = (
			);
			runOnlyForDeploymentPostprocessing = 0;
		};
/* End PBXResourcesBuildPhase section */

/* Begin PBXSourcesBuildPhase section */
		7FA75C821A864D6000AF67A8 /* Sources */ = {
			isa = PBXSourcesBuildPhase;
			buildActionMask = 2147483647;
			files = (
				7FA75C8E1A864D6000AF67A8 /* ViewController.swift in Sources */,
				7FA75C8C1A864D6000AF67A8 /* AppDelegate.swift in Sources */,
			);
			runOnlyForDeploymentPostprocessing = 0;
		};
		7FA75C971A864D6100AF67A8 /* Sources */ = {
			isa = PBXSourcesBuildPhase;
			buildActionMask = 2147483647;
			files = (
				7FA75CA21A864D6100AF67A8 /* SKVideoNodeSampleTests.swift in Sources */,
			);
			runOnlyForDeploymentPostprocessing = 0;
		};
/* End PBXSourcesBuildPhase section */

/* Begin PBXTargetDependency section */
		7FA75C9D1A864D6100AF67A8 /* PBXTargetDependency */ = {
			isa = PBXTargetDependency;
			target = 7FA75C851A864D6000AF67A8 /* SKVideoNodeSample */;
			targetProxy = 7FA75C9C1A864D6100AF67A8 /* PBXContainerItemProxy */;
		};
/* End PBXTargetDependency section */

/* Begin PBXVariantGroup section */
		7FA75C8F1A864D6000AF67A8 /* Main.storyboard */ = {
			isa = PBXVariantGroup;
			children = (
				7FA75C901A864D6000AF67A8 /* Base */,
			);
			name = Main.storyboard;
			sourceTree = "<group>";
		};
		7FA75C941A864D6100AF67A8 /* LaunchScreen.xib */ = {
			isa = PBXVariantGroup;
			children = (
				7FA75C951A864D6100AF67A8 /* Base */,
			);
			name = LaunchScreen.xib;
			sourceTree = "<group>";
		};
/* End PBXVariantGroup section */

/* Begin XCBuildConfiguration section */
		7FA75CA31A864D6100AF67A8 /* Debug */ = {
			isa = XCBuildConfiguration;
			buildSettings = {
				ALWAYS_SEARCH_USER_PATHS = NO;
				CLANG_CXX_LANGUAGE_STANDARD = "gnu++0x";
				CLANG_CXX_LIBRARY = "libc++";
				CLANG_ENABLE_MODULES = YES;
				CLANG_ENABLE_OBJC_ARC = YES;
				CLANG_WARN_BOOL_CONVERSION = YES;
				CLANG_WARN_CONSTANT_CONVERSION = YES;
				CLANG_WARN_DIRECT_OBJC_ISA_USAGE = YES_ERROR;
				CLANG_WARN_EMPTY_BODY = YES;
				CLANG_WARN_ENUM_CONVERSION = YES;
				CLANG_WARN_INT_CONVERSION = YES;
				CLANG_WARN_OBJC_ROOT_CLASS = YES_ERROR;
				CLANG_WARN_UNREACHABLE_CODE = YES;
				CLANG_WARN__DUPLICATE_METHOD_MATCH = YES;
				"CODE_SIGN_IDENTITY[sdk=iphoneos*]" = "iPhone Developer";
				COPY_PHASE_STRIP = NO;
				ENABLE_STRICT_OBJC_MSGSEND = YES;
				GCC_C_LANGUAGE_STANDARD = gnu99;
				GCC_DYNAMIC_NO_PIC = NO;
				GCC_OPTIMIZATION_LEVEL = 0;
				GCC_PREPROCESSOR_DEFINITIONS = (
					"DEBUG=1",
					"$(inherited)",
				);
				GCC_SYMBOLS_PRIVATE_EXTERN = NO;
				GCC_WARN_64_TO_32_BIT_CONVERSION = YES;
				GCC_WARN_ABOUT_RETURN_TYPE = YES_ERROR;
				GCC_WARN_UNDECLARED_SELECTOR = YES;
				GCC_WARN_UNINITIALIZED_AUTOS = YES_AGGRESSIVE;
				GCC_WARN_UNUSED_FUNCTION = YES;
				GCC_WARN_UNUSED_VARIABLE = YES;
				IPHONEOS_DEPLOYMENT_TARGET = 8.1;
				MTL_ENABLE_DEBUG_INFO = YES;
				ONLY_ACTIVE_ARCH = YES;
				SDKROOT = iphoneos;
				SWIFT_OPTIMIZATION_LEVEL = "-Onone";
				TARGETED_DEVICE_FAMILY = "1,2";
			};
			name = Debug;
		};
		7FA75CA41A864D6100AF67A8 /* Release */ = {
			isa = XCBuildConfiguration;
			buildSettings = {
				ALWAYS_SEARCH_USER_PATHS = NO;
				CLANG_CXX_LANGUAGE_STANDARD = "gnu++0x";
				CLANG_CXX_LIBRARY = "libc++";
				CLANG_ENABLE_MODULES = YES;
				CLANG_ENABLE_OBJC_ARC = YES;
				CLANG_WARN_BOOL_CONVERSION = YES;
				CLANG_WARN_CONSTANT_CONVERSION = YES;
				CLANG_WARN_DIRECT_OBJC_ISA_USAGE = YES_ERROR;
				CLANG_WARN_EMPTY_BODY = YES;
				CLANG_WARN_ENUM_CONVERSION = YES;
				CLANG_WARN_INT_CONVERSION = YES;
				CLANG_WARN_OBJC_ROOT_CLASS = YES_ERROR;
				CLANG_WARN_UNREACHABLE_CODE = YES;
				CLANG_WARN__DUPLICATE_METHOD_MATCH = YES;
				"CODE_SIGN_IDENTITY[sdk=iphoneos*]" = "iPhone Developer";
				COPY_PHASE_STRIP = YES;
				ENABLE_NS_ASSERTIONS = NO;
				ENABLE_STRICT_OBJC_MSGSEND = YES;
				GCC_C_LANGUAGE_STANDARD = gnu99;
				GCC_WARN_64_TO_32_BIT_CONVERSION = YES;
				GCC_WARN_ABOUT_RETURN_TYPE = YES_ERROR;
				GCC_WARN_UNDECLARED_SELECTOR = YES;
				GCC_WARN_UNINITIALIZED_AUTOS = YES_AGGRESSIVE;
				GCC_WARN_UNUSED_FUNCTION = YES;
				GCC_WARN_UNUSED_VARIABLE = YES;
				IPHONEOS_DEPLOYMENT_TARGET = 8.1;
				MTL_ENABLE_DEBUG_INFO = NO;
				SDKROOT = iphoneos;
				TARGETED_DEVICE_FAMILY = "1,2";
				VALIDATE_PRODUCT = YES;
			};
			name = Release;
		};
		7FA75CA61A864D6100AF67A8 /* Debug */ = {
			isa = XCBuildConfiguration;
			buildSettings = {
				ASSETCATALOG_COMPILER_APPICON_NAME = AppIcon;
				INFOPLIST_FILE = SKVideoNodeSample/Info.plist;
				LD_RUNPATH_SEARCH_PATHS = "$(inherited) @executable_path/Frameworks";
				PRODUCT_NAME = "$(TARGET_NAME)";
			};
			name = Debug;
		};
		7FA75CA71A864D6100AF67A8 /* Release */ = {
			isa = XCBuildConfiguration;
			buildSettings = {
				ASSETCATALOG_COMPILER_APPICON_NAME = AppIcon;
				INFOPLIST_FILE = SKVideoNodeSample/Info.plist;
				LD_RUNPATH_SEARCH_PATHS = "$(inherited) @executable_path/Frameworks";
				PRODUCT_NAME = "$(TARGET_NAME)";
			};
			name = Release;
		};
		7FA75CA91A864D6100AF67A8 /* Debug */ = {
			isa = XCBuildConfiguration;
			buildSettings = {
				BUNDLE_LOADER = "$(TEST_HOST)";
				FRAMEWORK_SEARCH_PATHS = (
					"$(SDKROOT)/Developer/Library/Frameworks",
					"$(inherited)",
				);
				GCC_PREPROCESSOR_DEFINITIONS = (
					"DEBUG=1",
					"$(inherited)",
				);
				INFOPLIST_FILE = SKVideoNodeSampleTests/Info.plist;
				LD_RUNPATH_SEARCH_PATHS = "$(inherited) @executable_path/Frameworks @loader_path/Frameworks";
				PRODUCT_NAME = "$(TARGET_NAME)";
				TEST_HOST = "$(BUILT_PRODUCTS_DIR)/SKVideoNodeSample.app/SKVideoNodeSample";
			};
			name = Debug;
		};
		7FA75CAA1A864D6100AF67A8 /* Release */ = {
			isa = XCBuildConfiguration;
			buildSettings = {
				BUNDLE_LOADER = "$(TEST_HOST)";
				FRAMEWORK_SEARCH_PATHS = (
					"$(SDKROOT)/Developer/Library/Frameworks",
					"$(inherited)",
				);
				INFOPLIST_FILE = SKVideoNodeSampleTests/Info.plist;
				LD_RUNPATH_SEARCH_PATHS = "$(inherited) @executable_path/Frameworks @loader_path/Frameworks";
				PRODUCT_NAME = "$(TARGET_NAME)";
				TEST_HOST = "$(BUILT_PRODUCTS_DIR)/SKVideoNodeSample.app/SKVideoNodeSample";
			};
			name = Release;
		};
/* End XCBuildConfiguration section */

/* Begin XCConfigurationList section */
		7FA75C811A864D6000AF67A8 /* Build configuration list for PBXProject "SKVideoNodeSample" */ = {
			isa = XCConfigurationList;
			buildConfigurations = (
				7FA75CA31A864D6100AF67A8 /* Debug */,
				7FA75CA41A864D6100AF67A8 /* Release */,
			);
			defaultConfigurationIsVisible = 0;
			defaultConfigurationName = Release;
		};
		7FA75CA51A864D6100AF67A8 /* Build configuration list for PBXNativeTarget "SKVideoNodeSample" */ = {
			isa = XCConfigurationList;
			buildConfigurations = (
				7FA75CA61A864D6100AF67A8 /* Debug */,
				7FA75CA71A864D6100AF67A8 /* Release */,
			);
			defaultConfigurationIsVisible = 0;
		};
		7FA75CA81A864D6100AF67A8 /* Build configuration list for PBXNativeTarget "SKVideoNodeSampleTests" */ = {
			isa = XCConfigurationList;
			buildConfigurations = (
				7FA75CA91A864D6100AF67A8 /* Debug */,
				7FA75CAA1A864D6100AF67A8 /* Release */,
			);
			defaultConfigurationIsVisible = 0;
		};
/* End XCConfigurationList section */
	};
	rootObject = 7FA75C7E1A864D6000AF67A8 /* Project object */;
}
